
Microsoft Visual Studio Solution File, Format Version 12.00
# Visual Studio Version 17
VisualStudioVersion = 17.10.35013.160
MinimumVisualStudioVersion = 10.0.40219.1
Project("{9A19103F-16F7-4668-BE54-9A1E7A4F7556}") = "BankOfDotnet.API", "BankOfDotnet.API\BankOfDotnet.API.csproj", "{C2F4F066-0C3E-4248-8D1A-7786EE062078}"
EndProject
Project("{9A19103F-16F7-4668-BE54-9A1E7A4F7556}") = "BasicEcommerceWebApi", "BasicEcommerceWebApi\BasicEcommerceWebApi.csproj", "{E239051F-A1FF-4E0F-9030-11FF4615E8C8}"
EndProject
Project("{9A19103F-16F7-4668-BE54-9A1E7A4F7556}") = "IdentityServerAspNetIdentity", "IdentityServerAspNetIdentity\IdentityServerAspNetIdentity.csproj", "{77AC0399-2549-409F-B076-CF3FC74E50D8}"
EndProject
Global
	GlobalSection(SolutionConfigurationPlatforms) = preSolution
		Debug|Any CPU = Debug|Any CPU
		Release|Any CPU = Release|Any CPU
	EndGlobalSection
	GlobalSection(ProjectConfigurationPlatforms) = postSolution
		{C2F4F066-0C3E-4248-8D1A-7786EE062078}.Debug|Any CPU.ActiveCfg = Debug|Any CPU
		{C2F4F066-0C3E-4248-8D1A-7786EE062078}.Debug|Any CPU.Build.0 = Debug|Any CPU
		{C2F4F066-0C3E-4248-8D1A-7786EE062078}.Release|Any CPU.ActiveCfg = Release|Any CPU
		{C2F4F066-0C3E-4248-8D1A-7786EE062078}.Release|Any CPU.Build.0 = Release|Any CPU
		{E239051F-A1FF-4E0F-9030-11FF4615E8C8}.Debug|Any CPU.ActiveCfg = Debug|Any CPU
		{E239051F-A1FF-4E0F-9030-11FF4615E8C8}.Debug|Any CPU.Build.0 = Debug|Any CPU
		{E239051F-A1FF-4E0F-9030-11FF4615E8C8}.Release|Any CPU.ActiveCfg = Release|Any CPU
		{E239051F-A1FF-4E0F-9030-11FF4615E8C8}.Release|Any CPU.Build.0 = Release|Any CPU
		{77AC0399-2549-409F-B076-CF3FC74E50D8}.Debug|Any CPU.ActiveCfg = Debug|Any CPU
		{77AC0399-2549-409F-B076-CF3FC74E50D8}.Debug|Any CPU.Build.0 = Debug|Any CPU
		{77AC0399-2549-409F-B076-CF3FC74E50D8}.Release|Any CPU.ActiveCfg = Release|Any CPU
		{77AC0399-2549-409F-B076-CF3FC74E50D8}.Release|Any CPU.Build.0 = Release|Any CPU
	EndGlobalSection
	GlobalSection(SolutionProperties) = preSolution
		HideSolutionNode = FALSE
	EndGlobalSection
	GlobalSection(ExtensibilityGlobals) = postSolution
		SolutionGuid = {9A8E5373-76B7-477B-A548-86083C7D7C03}
	EndGlobalSection
EndGlobal
